
Microsoft Visual Studio Solution File, Format Version 12.00
# Visual Studio Version 17
VisualStudioVersion = 17.14.36623.8 d17.14
MinimumVisualStudioVersion = 10.0.40219.1
Project("{FAE04EC0-301F-11D3-BF4B-00C04F79EFBC}") = "Laboratorio 16", "Laboratorio 16.csproj", "{58541089-FDFB-4AB8-98BC-024EB92FC676}"
EndProject
Global
	GlobalSection(SolutionConfigurationPlatforms) = preSolution
		Debug|Any CPU = Debug|Any CPU
		Release|Any CPU = Release|Any CPU
	EndGlobalSection
	GlobalSection(ProjectConfigurationPlatforms) = postSolution
		{58541089-FDFB-4AB8-98BC-024EB92FC676}.Debug|Any CPU.ActiveCfg = Debug|Any CPU
		{58541089-FDFB-4AB8-98BC-024EB92FC676}.Debug|Any CPU.Build.0 = Debug|Any CPU
		{58541089-FDFB-4AB8-98BC-024EB92FC676}.Release|Any CPU.ActiveCfg = Release|Any CPU
		{58541089-FDFB-4AB8-98BC-024EB92FC676}.Release|Any CPU.Build.0 = Release|Any CPU
	EndGlobalSection
	GlobalSection(SolutionProperties) = preSolution
		HideSolutionNode = FALSE
	EndGlobalSection
	GlobalSection(ExtensibilityGlobals) = postSolution
		SolutionGuid = {656BF97C-5936-4EA5-993B-F6F8F9FCA65D}
	EndGlobalSection
EndGlobal
